
Microsoft Visual Studio Solution File, Format Version 12.00
# Visual Studio Version 17
VisualStudioVersion = 17.0.32112.339
MinimumVisualStudioVersion = 10.0.40219.1
Project("{FAE04EC0-301F-11D3-BF4B-00C04F79EFBC}") = "course_manager", "course_manager\course_manager.csproj", "{D2D8A1C0-91E8-4E47-BC49-FF7A89B41051}"
EndProject
Project("{FAE04EC0-301F-11D3-BF4B-00C04F79EFBC}") = "course_managerTests", "course_managerTests\course_managerTests.csproj", "{4FCFF1AD-FCD2-4364-B411-E6938CBC2789}"
EndProject
Global
	GlobalSection(SolutionConfigurationPlatforms) = preSolution
		Debug|Any CPU = Debug|Any CPU
		Release|Any CPU = Release|Any CPU
	EndGlobalSection
	GlobalSection(ProjectConfigurationPlatforms) = postSolution
		{D2D8A1C0-91E8-4E47-BC49-FF7A89B41051}.Debug|Any CPU.ActiveCfg = Debug|Any CPU
		{D2D8A1C0-91E8-4E47-BC49-FF7A89B41051}.Debug|Any CPU.Build.0 = Debug|Any CPU
		{D2D8A1C0-91E8-4E47-BC49-FF7A89B41051}.Release|Any CPU.ActiveCfg = Release|Any CPU
		{D2D8A1C0-91E8-4E47-BC49-FF7A89B41051}.Release|Any CPU.Build.0 = Release|Any CPU
		{4FCFF1AD-FCD2-4364-B411-E6938CBC2789}.Debug|Any CPU.ActiveCfg = Debug|Any CPU
		{4FCFF1AD-FCD2-4364-B411-E6938CBC2789}.Debug|Any CPU.Build.0 = Debug|Any CPU
		{4FCFF1AD-FCD2-4364-B411-E6938CBC2789}.Release|Any CPU.ActiveCfg = Release|Any CPU
		{4FCFF1AD-FCD2-4364-B411-E6938CBC2789}.Release|Any CPU.Build.0 = Release|Any CPU
	EndGlobalSection
	GlobalSection(SolutionProperties) = preSolution
		HideSolutionNode = FALSE
	EndGlobalSection
	GlobalSection(ExtensibilityGlobals) = postSolution
		SolutionGuid = {5ABDC1A9-EAF2-4BB4-9839-050B0A7BEB24}
	EndGlobalSection
EndGlobal
